// !$*UTF8*$!
{
	archiveVersion = 1;
	classes = {
	};
	objectVersion = 56;
	objects = {

/* Begin PBXBuildFile section */
		4BE09C032A72388C00029C33 /* AsyncBluetoothKitTestApp.swift in Sources */ = {isa = PBXBuildFile; fileRef = 4BE09C022A72388C00029C33 /* AsyncBluetoothKitTestApp.swift */; };
		4BE09C052A72388C00029C33 /* ContentView.swift in Sources */ = {isa = PBXBuildFile; fileRef = 4BE09C042A72388C00029C33 /* ContentView.swift */; };
		4BE09C072A72388F00029C33 /* Assets.xcassets in Resources */ = {isa = PBXBuildFile; fileRef = 4BE09C062A72388F00029C33 /* Assets.xcassets */; };
		4BE09C0A2A72388F00029C33 /* Preview Assets.xcassets in Resources */ = {isa = PBXBuildFile; fileRef = 4BE09C092A72388F00029C33 /* Preview Assets.xcassets */; };
		4BE09C1A2A7238ED00029C33 /* AsyncBluetoothKit.framework in Frameworks */ = {isa = PBXBuildFile; fileRef = 4BE09C162A72389A00029C33 /* AsyncBluetoothKit.framework */; };
		4BE09C1B2A7238EE00029C33 /* AsyncBluetoothKit.framework in Embed Frameworks */ = {isa = PBXBuildFile; fileRef = 4BE09C162A72389A00029C33 /* AsyncBluetoothKit.framework */; settings = {ATTRIBUTES = (CodeSignOnCopy, RemoveHeadersOnCopy, ); }; };
		4BE09C1F2A723AB700029C33 /* Configuration.swift in Sources */ = {isa = PBXBuildFile; fileRef = 4BE09C1E2A723AB700029C33 /* Configuration.swift */; };
		4BE09C252A723E8B00029C33 /* CentralStateTestView.swift in Sources */ = {isa = PBXBuildFile; fileRef = 4BE09C242A723E8B00029C33 /* CentralStateTestView.swift */; };
		4BE09C272A723EA400029C33 /* CentralTestView.swift in Sources */ = {isa = PBXBuildFile; fileRef = 4BE09C262A723EA400029C33 /* CentralTestView.swift */; };
		4BE09C2F2A724CD800029C33 /* View+Extensions.swift in Sources */ = {isa = PBXBuildFile; fileRef = 4BE09C2D2A724CD800029C33 /* View+Extensions.swift */; };
		4BE09C302A724CD800029C33 /* Modifier.swift in Sources */ = {isa = PBXBuildFile; fileRef = 4BE09C2E2A724CD800029C33 /* Modifier.swift */; };
/* End PBXBuildFile section */

/* Begin PBXContainerItemProxy section */
		4BE09C152A72389A00029C33 /* PBXContainerItemProxy */ = {
			isa = PBXContainerItemProxy;
			containerPortal = 4BE09C102A72389A00029C33 /* AsyncBluetoothKit.xcodeproj */;
			proxyType = 2;
			remoteGlobalIDString = 4BE09BD52A7201B200029C33;
			remoteInfo = AsyncBluetoothKit;
		};
		4BE09C172A72389A00029C33 /* PBXContainerItemProxy */ = {
			isa = PBXContainerItemProxy;
			containerPortal = 4BE09C102A72389A00029C33 /* AsyncBluetoothKit.xcodeproj */;
			proxyType = 2;
			remoteGlobalIDString = 4BE09BDF2A7201B200029C33;
			remoteInfo = AsyncBluetoothKitTests;
		};
/* End PBXContainerItemProxy section */

/* Begin PBXCopyFilesBuildPhase section */
		4BE09C1C2A7238EF00029C33 /* Embed Frameworks */ = {
			isa = PBXCopyFilesBuildPhase;
			buildActionMask = 2147483647;
			dstPath = "";
			dstSubfolderSpec = 10;
			files = (
				4BE09C1B2A7238EE00029C33 /* AsyncBluetoothKit.framework in Embed Frameworks */,
			);
			name = "Embed Frameworks";
			runOnlyForDeploymentPostprocessing = 0;
		};
/* End PBXCopyFilesBuildPhase section */

/* Begin PBXFileReference section */
		4BE09BFF2A72388C00029C33 /* AsyncBluetoothKitTest.app */ = {isa = PBXFileReference; explicitFileType = wrapper.application; includeInIndex = 0; path = AsyncBluetoothKitTest.app; sourceTree = BUILT_PRODUCTS_DIR; };
		4BE09C022A72388C00029C33 /* AsyncBluetoothKitTestApp.swift */ = {isa = PBXFileReference; lastKnownFileType = sourcecode.swift; path = AsyncBluetoothKitTestApp.swift; sourceTree = "<group>"; };
		4BE09C042A72388C00029C33 /* ContentView.swift */ = {isa = PBXFileReference; lastKnownFileType = sourcecode.swift; path = ContentView.swift; sourceTree = "<group>"; };
		4BE09C062A72388F00029C33 /* Assets.xcassets */ = {isa = PBXFileReference; lastKnownFileType = folder.assetcatalog; path = Assets.xcassets; sourceTree = "<group>"; };
		4BE09C092A72388F00029C33 /* Preview Assets.xcassets */ = {isa = PBXFileReference; lastKnownFileType = folder.assetcatalog; path = "Preview Assets.xcassets"; sourceTree = "<group>"; };
		4BE09C102A72389A00029C33 /* AsyncBluetoothKit.xcodeproj */ = {isa = PBXFileReference; lastKnownFileType = "wrapper.pb-project"; name = AsyncBluetoothKit.xcodeproj; path = ../AsyncBluetoothKit/AsyncBluetoothKit.xcodeproj; sourceTree = "<group>"; };
		4BE09C1D2A7238FF00029C33 /* Info.plist */ = {isa = PBXFileReference; lastKnownFileType = text.plist; path = Info.plist; sourceTree = "<group>"; };
		4BE09C1E2A723AB700029C33 /* Configuration.swift */ = {isa = PBXFileReference; lastKnownFileType = sourcecode.swift; path = Configuration.swift; sourceTree = "<group>"; };
		4BE09C242A723E8B00029C33 /* CentralStateTestView.swift */ = {isa = PBXFileReference; lastKnownFileType = sourcecode.swift; path = CentralStateTestView.swift; sourceTree = "<group>"; };
		4BE09C262A723EA400029C33 /* CentralTestView.swift */ = {isa = PBXFileReference; lastKnownFileType = sourcecode.swift; path = CentralTestView.swift; sourceTree = "<group>"; };
		4BE09C2D2A724CD800029C33 /* View+Extensions.swift */ = {isa = PBXFileReference; fileEncoding = 4; lastKnownFileType = sourcecode.swift; path = "View+Extensions.swift"; sourceTree = "<group>"; };
		4BE09C2E2A724CD800029C33 /* Modifier.swift */ = {isa = PBXFileReference; fileEncoding = 4; lastKnownFileType = sourcecode.swift; path = Modifier.swift; sourceTree = "<group>"; };
/* End PBXFileReference section */

/* Begin PBXFrameworksBuildPhase section */
		4BE09BFC2A72388C00029C33 /* Frameworks */ = {
			isa = PBXFrameworksBuildPhase;
			buildActionMask = 2147483647;
			files = (
				4BE09C1A2A7238ED00029C33 /* AsyncBluetoothKit.framework in Frameworks */,
			);
			runOnlyForDeploymentPostprocessing = 0;
		};
/* End PBXFrameworksBuildPhase section */

/* Begin PBXGroup section */
		4BE09BF62A72388C00029C33 = {
			isa = PBXGroup;
			children = (
				4BE09C102A72389A00029C33 /* AsyncBluetoothKit.xcodeproj */,
				4BE09C012A72388C00029C33 /* AsyncBluetoothKitTest */,
				4BE09C002A72388C00029C33 /* Products */,
				4BE09C192A7238ED00029C33 /* Frameworks */,
			);
			sourceTree = "<group>";
		};
		4BE09C002A72388C00029C33 /* Products */ = {
			isa = PBXGroup;
			children = (
				4BE09BFF2A72388C00029C33 /* AsyncBluetoothKitTest.app */,
			);
			name = Products;
			sourceTree = "<group>";
		};
		4BE09C012A72388C00029C33 /* AsyncBluetoothKitTest */ = {
			isa = PBXGroup;
			children = (
				4BE09C2C2A724CC600029C33 /* Util */,
				4BE09C232A723E3C00029C33 /* CentralTest */,
				4BE09C1D2A7238FF00029C33 /* Info.plist */,
				4BE09C022A72388C00029C33 /* AsyncBluetoothKitTestApp.swift */,
				4BE09C042A72388C00029C33 /* ContentView.swift */,
				4BE09C062A72388F00029C33 /* Assets.xcassets */,
				4BE09C082A72388F00029C33 /* Preview Content */,
				4BE09C1E2A723AB700029C33 /* Configuration.swift */,
			);
			path = AsyncBluetoothKitTest;
			sourceTree = "<group>";
		};
		4BE09C082A72388F00029C33 /* Preview Content */ = {
			isa = PBXGroup;
			children = (
				4BE09C092A72388F00029C33 /* Preview Assets.xcassets */,
			);
			path = "Preview Content";
			sourceTree = "<group>";
		};
		4BE09C112A72389A00029C33 /* Products */ = {
			isa = PBXGroup;
			children = (
				4BE09C162A72389A00029C33 /* AsyncBluetoothKit.framework */,
				4BE09C182A72389A00029C33 /* AsyncBluetoothKitTests.xctest */,
			);
			name = Products;
			sourceTree = "<group>";
		};
		4BE09C192A7238ED00029C33 /* Frameworks */ = {
			isa = PBXGroup;
			children = (
			);
			name = Frameworks;
			sourceTree = "<group>";
		};
		4BE09C232A723E3C00029C33 /* CentralTest */ = {
			isa = PBXGroup;
			children = (
				4BE09C242A723E8B00029C33 /* CentralStateTestView.swift */,
				4BE09C262A723EA400029C33 /* CentralTestView.swift */,
			);
			path = CentralTest;
			sourceTree = "<group>";
		};
		4BE09C2C2A724CC600029C33 /* Util */ = {
			isa = PBXGroup;
			children = (
				4BE09C2E2A724CD800029C33 /* Modifier.swift */,
				4BE09C2D2A724CD800029C33 /* View+Extensions.swift */,
			);
			path = Util;
			sourceTree = "<group>";
		};
/* End PBXGroup section */

/* Begin PBXNativeTarget section */
		4BE09BFE2A72388C00029C33 /* AsyncBluetoothKitTest */ = {
			isa = PBXNativeTarget;
			buildConfigurationList = 4BE09C0D2A72388F00029C33 /* Build configuration list for PBXNativeTarget "AsyncBluetoothKitTest" */;
			buildPhases = (
				4BE09BFB2A72388C00029C33 /* Sources */,
				4BE09BFC2A72388C00029C33 /* Frameworks */,
				4BE09BFD2A72388C00029C33 /* Resources */,
				4BE09C1C2A7238EF00029C33 /* Embed Frameworks */,
			);
			buildRules = (
			);
			dependencies = (
			);
			name = AsyncBluetoothKitTest;
			productName = AsyncBluetoothKitTest;
			productReference = 4BE09BFF2A72388C00029C33 /* AsyncBluetoothKitTest.app */;
			productType = "com.apple.product-type.application";
		};
/* End PBXNativeTarget section */

/* Begin PBXProject section */
		4BE09BF72A72388C00029C33 /* Project object */ = {
			isa = PBXProject;
			attributes = {
				BuildIndependentTargetsInParallel = 1;
				LastSwiftUpdateCheck = 1430;
				LastUpgradeCheck = 1430;
				TargetAttributes = {
					4BE09BFE2A72388C00029C33 = {
						CreatedOnToolsVersion = 14.3.1;
					};
				};
			};
			buildConfigurationList = 4BE09BFA2A72388C00029C33 /* Build configuration list for PBXProject "AsyncBluetoothKitTest" */;
			compatibilityVersion = "Xcode 14.0";
			developmentRegion = en;
			hasScannedForEncodings = 0;
			knownRegions = (
				en,
				Base,
			);
			mainGroup = 4BE09BF62A72388C00029C33;
			productRefGroup = 4BE09C002A72388C00029C33 /* Products */;
			projectDirPath = "";
			projectReferences = (
				{
					ProductGroup = 4BE09C112A72389A00029C33 /* Products */;
					ProjectRef = 4BE09C102A72389A00029C33 /* AsyncBluetoothKit.xcodeproj */;
				},
			);
			projectRoot = "";
			targets = (
				4BE09BFE2A72388C00029C33 /* AsyncBluetoothKitTest */,
			);
		};
/* End PBXProject section */

/* Begin PBXReferenceProxy section */
		4BE09C162A72389A00029C33 /* AsyncBluetoothKit.framework */ = {
			isa = PBXReferenceProxy;
			fileType = wrapper.framework;
			path = AsyncBluetoothKit.framework;
			remoteRef = 4BE09C152A72389A00029C33 /* PBXContainerItemProxy */;
			sourceTree = BUILT_PRODUCTS_DIR;
		};
		4BE09C182A72389A00029C33 /* AsyncBluetoothKitTests.xctest */ = {
			isa = PBXReferenceProxy;
			fileType = wrapper.cfbundle;
			path = AsyncBluetoothKitTests.xctest;
			remoteRef = 4BE09C172A72389A00029C33 /* PBXContainerItemProxy */;
			sourceTree = BUILT_PRODUCTS_DIR;
		};
/* End PBXReferenceProxy section */

/* Begin PBXResourcesBuildPhase section */
		4BE09BFD2A72388C00029C33 /* Resources */ = {
			isa = PBXResourcesBuildPhase;
			buildActionMask = 2147483647;
			files = (
				4BE09C0A2A72388F00029C33 /* Preview Assets.xcassets in Resources */,
				4BE09C072A72388F00029C33 /* Assets.xcassets in Resources */,
			);
			runOnlyForDeploymentPostprocessing = 0;
		};
/* End PBXResourcesBuildPhase section */

/* Begin PBXSourcesBuildPhase section */
		4BE09BFB2A72388C00029C33 /* Sources */ = {
			isa = PBXSourcesBuildPhase;
			buildActionMask = 2147483647;
			files = (
				4BE09C1F2A723AB700029C33 /* Configuration.swift in Sources */,
				4BE09C272A723EA400029C33 /* CentralTestView.swift in Sources */,
				4BE09C052A72388C00029C33 /* ContentView.swift in Sources */,
				4BE09C252A723E8B00029C33 /* CentralStateTestView.swift in Sources */,
				4BE09C2F2A724CD800029C33 /* View+Extensions.swift in Sources */,
				4BE09C032A72388C00029C33 /* AsyncBluetoothKitTestApp.swift in Sources */,
				4BE09C302A724CD800029C33 /* Modifier.swift in Sources */,
			);
			runOnlyForDeploymentPostprocessing = 0;
		};
/* End PBXSourcesBuildPhase section */

/* Begin XCBuildConfiguration section */
		4BE09C0B2A72388F00029C33 /* Debug */ = {
			isa = XCBuildConfiguration;
			buildSettings = {
				ALWAYS_SEARCH_USER_PATHS = NO;
				CLANG_ANALYZER_NONNULL = YES;
				CLANG_ANALYZER_NUMBER_OBJECT_CONVERSION = YES_AGGRESSIVE;
				CLANG_CXX_LANGUAGE_STANDARD = "gnu++20";
				CLANG_ENABLE_MODULES = YES;
				CLANG_ENABLE_OBJC_ARC = YES;
				CLANG_ENABLE_OBJC_WEAK = YES;
				CLANG_WARN_BLOCK_CAPTURE_AUTORELEASING = YES;
				CLANG_WARN_BOOL_CONVERSION = YES;
				CLANG_WARN_COMMA = YES;
				CLANG_WARN_CONSTANT_CONVERSION = YES;
				CLANG_WARN_DEPRECATED_OBJC_IMPLEMENTATIONS = YES;
				CLANG_WARN_DIRECT_OBJC_ISA_USAGE = YES_ERROR;
				CLANG_WARN_DOCUMENTATION_COMMENTS = YES;
				CLANG_WARN_EMPTY_BODY = YES;
				CLANG_WARN_ENUM_CONVERSION = YES;
				CLANG_WARN_INFINITE_RECURSION = YES;
				CLANG_WARN_INT_CONVERSION = YES;
				CLANG_WARN_NON_LITERAL_NULL_CONVERSION = YES;
				CLANG_WARN_OBJC_IMPLICIT_RETAIN_SELF = YES;
				CLANG_WARN_OBJC_LITERAL_CONVERSION = YES;
				CLANG_WARN_OBJC_ROOT_CLASS = YES_ERROR;
				CLANG_WARN_QUOTED_INCLUDE_IN_FRAMEWORK_HEADER = YES;
				CLANG_WARN_RANGE_LOOP_ANALYSIS = YES;
				CLANG_WARN_STRICT_PROTOTYPES = YES;
				CLANG_WARN_SUSPICIOUS_MOVE = YES;
				CLANG_WARN_UNGUARDED_AVAILABILITY = YES_AGGRESSIVE;
				CLANG_WARN_UNREACHABLE_CODE = YES;
				CLANG_WARN__DUPLICATE_METHOD_MATCH = YES;
				COPY_PHASE_STRIP = NO;
				DEBUG_INFORMATION_FORMAT = dwarf;
				ENABLE_STRICT_OBJC_MSGSEND = YES;
				ENABLE_TESTABILITY = YES;
				GCC_C_LANGUAGE_STANDARD = gnu11;
				GCC_DYNAMIC_NO_PIC = NO;
				GCC_NO_COMMON_BLOCKS = YES;
				GCC_OPTIMIZATION_LEVEL = 0;
				GCC_PREPROCESSOR_DEFINITIONS = (
					"DEBUG=1",
					"$(inherited)",
				);
				GCC_WARN_64_TO_32_BIT_CONVERSION = YES;
				GCC_WARN_ABOUT_RETURN_TYPE = YES_ERROR;
				GCC_WARN_UNDECLARED_SELECTOR = YES;
				GCC_WARN_UNINITIALIZED_AUTOS = YES_AGGRESSIVE;
				GCC_WARN_UNUSED_FUNCTION = YES;
				GCC_WARN_UNUSED_VARIABLE = YES;
				IPHONEOS_DEPLOYMENT_TARGET = 16.4;
				MTL_ENABLE_DEBUG_INFO = INCLUDE_SOURCE;
				MTL_FAST_MATH = YES;
				ONLY_ACTIVE_ARCH = YES;
				SDKROOT = iphoneos;
				SWIFT_ACTIVE_COMPILATION_CONDITIONS = DEBUG;
				SWIFT_OPTIMIZATION_LEVEL = "-Onone";
			};
			name = Debug;
		};
		4BE09C0C2A72388F00029C33 /* Release */ = {
			isa = XCBuildConfiguration;
			buildSettings = {
				ALWAYS_SEARCH_USER_PATHS = NO;
				CLANG_ANALYZER_NONNULL = YES;
				CLANG_ANALYZER_NUMBER_OBJECT_CONVERSION = YES_AGGRESSIVE;
				CLANG_CXX_LANGUAGE_STANDARD = "gnu++20";
				CLANG_ENABLE_MODULES = YES;
				CLANG_ENABLE_OBJC_ARC = YES;
				CLANG_ENABLE_OBJC_WEAK = YES;
				CLANG_WARN_BLOCK_CAPTURE_AUTORELEASING = YES;
				CLANG_WARN_BOOL_CONVERSION = YES;
				CLANG_WARN_COMMA = YES;
				CLANG_WARN_CONSTANT_CONVERSION = YES;
				CLANG_WARN_DEPRECATED_OBJC_IMPLEMENTATIONS = YES;
				CLANG_WARN_DIRECT_OBJC_ISA_USAGE = YES_ERROR;
				CLANG_WARN_DOCUMENTATION_COMMENTS = YES;
				CLANG_WARN_EMPTY_BODY = YES;
				CLANG_WARN_ENUM_CONVERSION = YES;
				CLANG_WARN_INFINITE_RECURSION = YES;
				CLANG_WARN_INT_CONVERSION = YES;
				CLANG_WARN_NON_LITERAL_NULL_CONVERSION = YES;
				CLANG_WARN_OBJC_IMPLICIT_RETAIN_SELF = YES;
				CLANG_WARN_OBJC_LITERAL_CONVERSION = YES;
				CLANG_WARN_OBJC_ROOT_CLASS = YES_ERROR;
				CLANG_WARN_QUOTED_INCLUDE_IN_FRAMEWORK_HEADER = YES;
				CLANG_WARN_RANGE_LOOP_ANALYSIS = YES;
				CLANG_WARN_STRICT_PROTOTYPES = YES;
				CLANG_WARN_SUSPICIOUS_MOVE = YES;
				CLANG_WARN_UNGUARDED_AVAILABILITY = YES_AGGRESSIVE;
				CLANG_WARN_UNREACHABLE_CODE = YES;
				CLANG_WARN__DUPLICATE_METHOD_MATCH = YES;
				COPY_PHASE_STRIP = NO;
				DEBUG_INFORMATION_FORMAT = "dwarf-with-dsym";
				ENABLE_NS_ASSERTIONS = NO;
				ENABLE_STRICT_OBJC_MSGSEND = YES;
				GCC_C_LANGUAGE_STANDARD = gnu11;
				GCC_NO_COMMON_BLOCKS = YES;
				GCC_WARN_64_TO_32_BIT_CONVERSION = YES;
				GCC_WARN_ABOUT_RETURN_TYPE = YES_ERROR;
				GCC_WARN_UNDECLARED_SELECTOR = YES;
				GCC_WARN_UNINITIALIZED_AUTOS = YES_AGGRESSIVE;
				GCC_WARN_UNUSED_FUNCTION = YES;
				GCC_WARN_UNUSED_VARIABLE = YES;
				IPHONEOS_DEPLOYMENT_TARGET = 16.4;
				MTL_ENABLE_DEBUG_INFO = NO;
				MTL_FAST_MATH = YES;
				SDKROOT = iphoneos;
				SWIFT_COMPILATION_MODE = wholemodule;
				SWIFT_OPTIMIZATION_LEVEL = "-O";
				VALIDATE_PRODUCT = YES;
			};
			name = Release;
		};
		4BE09C0E2A72388F00029C33 /* Debug */ = {
			isa = XCBuildConfiguration;
			buildSettings = {
				ASSETCATALOG_COMPILER_APPICON_NAME = AppIcon;
				ASSETCATALOG_COMPILER_GLOBAL_ACCENT_COLOR_NAME = AccentColor;
				CODE_SIGN_STYLE = Automatic;
				CURRENT_PROJECT_VERSION = 1;
				DEVELOPMENT_ASSET_PATHS = "\"AsyncBluetoothKitTest/Preview Content\"";
				DEVELOPMENT_TEAM = DMFD79A79A;
				ENABLE_PREVIEWS = YES;
				GENERATE_INFOPLIST_FILE = YES;
				INFOPLIST_FILE = AsyncBluetoothKitTest/Info.plist;
				INFOPLIST_KEY_NSBluetoothAlwaysUsageDescription = "This app is meant to test BLE frameworks";
				INFOPLIST_KEY_UIApplicationSceneManifest_Generation = YES;
				INFOPLIST_KEY_UIApplicationSupportsIndirectInputEvents = YES;
				INFOPLIST_KEY_UILaunchScreen_Generation = YES;
				INFOPLIST_KEY_UISupportedInterfaceOrientations_iPad = "UIInterfaceOrientationPortrait UIInterfaceOrientationPortraitUpsideDown UIInterfaceOrientationLandscapeLeft UIInterfaceOrientationLandscapeRight";
				INFOPLIST_KEY_UISupportedInterfaceOrientations_iPhone = "UIInterfaceOrientationPortrait UIInterfaceOrientationLandscapeLeft UIInterfaceOrientationLandscapeRight";
				IPHONEOS_DEPLOYMENT_TARGET = 14.0;
				LD_RUNPATH_SEARCH_PATHS = (
					"$(inherited)",
					"@executable_path/Frameworks",
				);
				MARKETING_VERSION = 1.0;
				PRODUCT_BUNDLE_IDENTIFIER = com.heecheonpark.AsyncBluetoothKitTest;
				PRODUCT_NAME = "$(TARGET_NAME)";
				SWIFT_EMIT_LOC_STRINGS = YES;
				SWIFT_VERSION = 5.0;
				TARGETED_DEVICE_FAMILY = "1,2";
			};
			name = Debug;
		};
		4BE09C0F2A72388F00029C33 /* Release */ = {
			isa = XCBuildConfiguration;
			buildSettings = {
				ASSETCATALOG_COMPILER_APPICON_NAME = AppIcon;
				ASSETCATALOG_COMPILER_GLOBAL_ACCENT_COLOR_NAME = AccentColor;
				CODE_SIGN_STYLE = Automatic;
				CURRENT_PROJECT_VERSION = 1;
				DEVELOPMENT_ASSET_PATHS = "\"AsyncBluetoothKitTest/Preview Content\"";
				DEVELOPMENT_TEAM = DMFD79A79A;
				ENABLE_PREVIEWS = YES;
				GENERATE_INFOPLIST_FILE = YES;
				INFOPLIST_FILE = AsyncBluetoothKitTest/Info.plist;
				INFOPLIST_KEY_NSBluetoothAlwaysUsageDescription = "This app is meant to test BLE frameworks";
				INFOPLIST_KEY_UIApplicationSceneManifest_Generation = YES;
				INFOPLIST_KEY_UIApplicationSupportsIndirectInputEvents = YES;
				INFOPLIST_KEY_UILaunchScreen_Generation = YES;
				INFOPLIST_KEY_UISupportedInterfaceOrientations_iPad = "UIInterfaceOrientationPortrait UIInterfaceOrientationPortraitUpsideDown UIInterfaceOrientationLandscapeLeft UIInterfaceOrientationLandscapeRight";
				INFOPLIST_KEY_UISupportedInterfaceOrientations_iPhone = "UIInterfaceOrientationPortrait UIInterfaceOrientationLandscapeLeft UIInterfaceOrientationLandscapeRight";
				IPHONEOS_DEPLOYMENT_TARGET = 14.0;
				LD_RUNPATH_SEARCH_PATHS = (
					"$(inherited)",
					"@executable_path/Frameworks",
				);
				MARKETING_VERSION = 1.0;
				PRODUCT_BUNDLE_IDENTIFIER = com.heecheonpark.AsyncBluetoothKitTest;
				PRODUCT_NAME = "$(TARGET_NAME)";
				SWIFT_EMIT_LOC_STRINGS = YES;
				SWIFT_VERSION = 5.0;
				TARGETED_DEVICE_FAMILY = "1,2";
			};
			name = Release;
		};
/* End XCBuildConfiguration section */

/* Begin XCConfigurationList section */
		4BE09BFA2A72388C00029C33 /* Build configuration list for PBXProject "AsyncBluetoothKitTest" */ = {
			isa = XCConfigurationList;
			buildConfigurations = (
				4BE09C0B2A72388F00029C33 /* Debug */,
				4BE09C0C2A72388F00029C33 /* Release */,
			);
			defaultConfigurationIsVisible = 0;
			defaultConfigurationName = Release;
		};
		4BE09C0D2A72388F00029C33 /* Build configuration list for PBXNativeTarget "AsyncBluetoothKitTest" */ = {
			isa = XCConfigurationList;
			buildConfigurations = (
				4BE09C0E2A72388F00029C33 /* Debug */,
				4BE09C0F2A72388F00029C33 /* Release */,
			);
			defaultConfigurationIsVisible = 0;
			defaultConfigurationName = Release;
		};
/* End XCConfigurationList section */
	};
	rootObject = 4BE09BF72A72388C00029C33 /* Project object */;
}
